
Microsoft Visual Studio Solution File, Format Version 12.00
# Visual Studio Version 17
VisualStudioVersion = 17.3.32811.315
MinimumVisualStudioVersion = 10.0.40219.1
Project("{FAE04EC0-301F-11D3-BF4B-00C04F79EFBC}") = "CondoSed", "CondoSed.csproj", "{0EAE1486-FCD2-4787-A9A9-B94711A789D9}"
EndProject
Global
	GlobalSection(SolutionConfigurationPlatforms) = preSolution
		Debug|Any CPU = Debug|Any CPU
		Release|Any CPU = Release|Any CPU
	EndGlobalSection
	GlobalSection(ProjectConfigurationPlatforms) = postSolution
		{0EAE1486-FCD2-4787-A9A9-B94711A789D9}.Debug|Any CPU.ActiveCfg = Debug|Any CPU
		{0EAE1486-FCD2-4787-A9A9-B94711A789D9}.Debug|Any CPU.Build.0 = Debug|Any CPU
		{0EAE1486-FCD2-4787-A9A9-B94711A789D9}.Release|Any CPU.ActiveCfg = Release|Any CPU
		{0EAE1486-FCD2-4787-A9A9-B94711A789D9}.Release|Any CPU.Build.0 = Release|Any CPU
	EndGlobalSection
	GlobalSection(SolutionProperties) = preSolution
		HideSolutionNode = FALSE
	EndGlobalSection
	GlobalSection(ExtensibilityGlobals) = postSolution
		SolutionGuid = {F3A88332-0D39-4FC7-BDEA-2C0BE89AE7F4}
	EndGlobalSection
EndGlobal
